packages:
  - name: codegen
    package: dbt-labs/codegen
    version: 0.14.0
  - name: dbt_utils
    package: dbt-labs/dbt_utils
    version: 1.3.2
  - name: audit_helper
    package: dbt-labs/audit_helper
    version: 0.12.2
  - name: dbt_meta_testing
    package: tnightengale/dbt_meta_testing
    version: 0.3.6
sha1_hash: 1a1d7e0913dc3fdae2e93095f72ec495310cebcc
